// !$*UTF8*$!
{
	archiveVersion = 1;
	classes = {
	};
	objectVersion = 50;
	objects = {

/* Begin PBXBuildFile section */
		A263A167232AAF0F005A97D9 /* AppDelegate.swift in Sources */ = {isa = PBXBuildFile; fileRef = A263A166232AAF0F005A97D9 /* AppDelegate.swift */; };
		A263A169232AAF0F005A97D9 /* SceneDelegate.swift in Sources */ = {isa = PBXBuildFile; fileRef = A263A168232AAF0F005A97D9 /* SceneDelegate.swift */; };
		A263A16B232AAF0F005A97D9 /* ContentView.swift in Sources */ = {isa = PBXBuildFile; fileRef = A263A16A232AAF0F005A97D9 /* ContentView.swift */; };
		A263A16D232AAF10005A97D9 /* Assets.xcassets in Resources */ = {isa = PBXBuildFile; fileRef = A263A16C232AAF10005A97D9 /* Assets.xcassets */; };
		A263A170232AAF10005A97D9 /* Preview Assets.xcassets in Resources */ = {isa = PBXBuildFile; fileRef = A263A16F232AAF10005A97D9 /* Preview Assets.xcassets */; };
		A263A173232AAF10005A97D9 /* LaunchScreen.storyboard in Resources */ = {isa = PBXBuildFile; fileRef = A263A171232AAF10005A97D9 /* LaunchScreen.storyboard */; };
		A263A17B232AB390005A97D9 /* AppData.swift in Sources */ = {isa = PBXBuildFile; fileRef = A263A17A232AB390005A97D9 /* AppData.swift */; };
		A263A17D232AB39C005A97D9 /* Stock.swift in Sources */ = {isa = PBXBuildFile; fileRef = A263A17C232AB39C005A97D9 /* Stock.swift */; };
		A263A183232AB448005A97D9 /* StocksView.swift in Sources */ = {isa = PBXBuildFile; fileRef = A263A182232AB448005A97D9 /* StocksView.swift */; };
		A2EDC814232AD7BD005F67EB /* LoadStocks.swift in Sources */ = {isa = PBXBuildFile; fileRef = A2EDC813232AD7BD005F67EB /* LoadStocks.swift */; };
		A2EDC816232AE840005F67EB /* StockView.swift in Sources */ = {isa = PBXBuildFile; fileRef = A2EDC815232AE840005F67EB /* StockView.swift */; };
		A2F2E8F9232AFB6100B147FF /* stocks.json in Resources */ = {isa = PBXBuildFile; fileRef = A2F2E8F8232AFB6100B147FF /* stocks.json */; };
		A2F2E8FB232BCDAB00B147FF /* SortPicker.swift in Sources */ = {isa = PBXBuildFile; fileRef = A2F2E8FA232BCDAB00B147FF /* SortPicker.swift */; };
/* End PBXBuildFile section */

/* Begin PBXFileReference section */
		A263A163232AAF0F005A97D9 /* Stocks.app */ = {isa = PBXFileReference; explicitFileType = wrapper.application; includeInIndex = 0; path = Stocks.app; sourceTree = BUILT_PRODUCTS_DIR; };
		A263A166232AAF0F005A97D9 /* AppDelegate.swift */ = {isa = PBXFileReference; lastKnownFileType = sourcecode.swift; path = AppDelegate.swift; sourceTree = "<group>"; };
		A263A168232AAF0F005A97D9 /* SceneDelegate.swift */ = {isa = PBXFileReference; lastKnownFileType = sourcecode.swift; path = SceneDelegate.swift; sourceTree = "<group>"; };
		A263A16A232AAF0F005A97D9 /* ContentView.swift */ = {isa = PBXFileReference; lastKnownFileType = sourcecode.swift; path = ContentView.swift; sourceTree = "<group>"; };
		A263A16C232AAF10005A97D9 /* Assets.xcassets */ = {isa = PBXFileReference; lastKnownFileType = folder.assetcatalog; path = Assets.xcassets; sourceTree = "<group>"; };
		A263A16F232AAF10005A97D9 /* Preview Assets.xcassets */ = {isa = PBXFileReference; lastKnownFileType = folder.assetcatalog; path = "Preview Assets.xcassets"; sourceTree = "<group>"; };
		A263A172232AAF10005A97D9 /* Base */ = {isa = PBXFileReference; lastKnownFileType = file.storyboard; name = Base; path = Base.lproj/LaunchScreen.storyboard; sourceTree = "<group>"; };
		A263A174232AAF10005A97D9 /* Info.plist */ = {isa = PBXFileReference; lastKnownFileType = text.plist.xml; path = Info.plist; sourceTree = "<group>"; };
		A263A17A232AB390005A97D9 /* AppData.swift */ = {isa = PBXFileReference; lastKnownFileType = sourcecode.swift; path = AppData.swift; sourceTree = "<group>"; };
		A263A17C232AB39C005A97D9 /* Stock.swift */ = {isa = PBXFileReference; lastKnownFileType = sourcecode.swift; path = Stock.swift; sourceTree = "<group>"; };
		A263A182232AB448005A97D9 /* StocksView.swift */ = {isa = PBXFileReference; lastKnownFileType = sourcecode.swift; path = StocksView.swift; sourceTree = "<group>"; };
		A2EDC813232AD7BD005F67EB /* LoadStocks.swift */ = {isa = PBXFileReference; lastKnownFileType = sourcecode.swift; path = LoadStocks.swift; sourceTree = "<group>"; };
		A2EDC815232AE840005F67EB /* StockView.swift */ = {isa = PBXFileReference; lastKnownFileType = sourcecode.swift; path = StockView.swift; sourceTree = "<group>"; };
		A2F2E8F8232AFB6100B147FF /* stocks.json */ = {isa = PBXFileReference; fileEncoding = 4; lastKnownFileType = text.json; path = stocks.json; sourceTree = "<group>"; };
		A2F2E8FA232BCDAB00B147FF /* SortPicker.swift */ = {isa = PBXFileReference; lastKnownFileType = sourcecode.swift; path = SortPicker.swift; sourceTree = "<group>"; };
/* End PBXFileReference section */

/* Begin PBXFrameworksBuildPhase section */
		A263A160232AAF0F005A97D9 /* Frameworks */ = {
			isa = PBXFrameworksBuildPhase;
			buildActionMask = 2147483647;
			files = (
			);
			runOnlyForDeploymentPostprocessing = 0;
		};
/* End PBXFrameworksBuildPhase section */

/* Begin PBXGroup section */
		A263A15A232AAF0F005A97D9 = {
			isa = PBXGroup;
			children = (
				A263A165232AAF0F005A97D9 /* Stocks */,
				A263A164232AAF0F005A97D9 /* Products */,
			);
			sourceTree = "<group>";
		};
		A263A164232AAF0F005A97D9 /* Products */ = {
			isa = PBXGroup;
			children = (
				A263A163232AAF0F005A97D9 /* Stocks.app */,
			);
			name = Products;
			sourceTree = "<group>";
		};
		A263A165232AAF0F005A97D9 /* Stocks */ = {
			isa = PBXGroup;
			children = (
				A2F2E8F8232AFB6100B147FF /* stocks.json */,
				A263A166232AAF0F005A97D9 /* AppDelegate.swift */,
				A263A168232AAF0F005A97D9 /* SceneDelegate.swift */,
				A263A17A232AB390005A97D9 /* AppData.swift */,
				A263A16A232AAF0F005A97D9 /* ContentView.swift */,
				A2EDC813232AD7BD005F67EB /* LoadStocks.swift */,
				A2F2E8FA232BCDAB00B147FF /* SortPicker.swift */,
				A263A17C232AB39C005A97D9 /* Stock.swift */,
				A2EDC815232AE840005F67EB /* StockView.swift */,
				A263A182232AB448005A97D9 /* StocksView.swift */,
				A263A16C232AAF10005A97D9 /* Assets.xcassets */,
				A263A171232AAF10005A97D9 /* LaunchScreen.storyboard */,
				A263A174232AAF10005A97D9 /* Info.plist */,
				A263A16E232AAF10005A97D9 /* Preview Content */,
			);
			path = Stocks;
			sourceTree = "<group>";
		};
		A263A16E232AAF10005A97D9 /* Preview Content */ = {
			isa = PBXGroup;
			children = (
				A263A16F232AAF10005A97D9 /* Preview Assets.xcassets */,
			);
			path = "Preview Content";
			sourceTree = "<group>";
		};
/* End PBXGroup section */

/* Begin PBXNativeTarget section */
		A263A162232AAF0F005A97D9 /* Stocks */ = {
			isa = PBXNativeTarget;
			buildConfigurationList = A263A177232AAF10005A97D9 /* Build configuration list for PBXNativeTarget "Stocks" */;
			buildPhases = (
				A263A15F232AAF0F005A97D9 /* Sources */,
				A263A160232AAF0F005A97D9 /* Frameworks */,
				A263A161232AAF0F005A97D9 /* Resources */,
			);
			buildRules = (
			);
			dependencies = (
			);
			name = Stocks;
			productName = Stocks;
			productReference = A263A163232AAF0F005A97D9 /* Stocks.app */;
			productType = "com.apple.product-type.application";
		};
/* End PBXNativeTarget section */

/* Begin PBXProject section */
		A263A15B232AAF0F005A97D9 /* Project object */ = {
			isa = PBXProject;
			attributes = {
				LastSwiftUpdateCheck = 1100;
				LastUpgradeCheck = 1100;
				ORGANIZATIONNAME = "Brad Hilton";
				TargetAttributes = {
					A263A162232AAF0F005A97D9 = {
						CreatedOnToolsVersion = 11.0;
					};
				};
			};
			buildConfigurationList = A263A15E232AAF0F005A97D9 /* Build configuration list for PBXProject "Stocks" */;
			compatibilityVersion = "Xcode 9.3";
			developmentRegion = en;
			hasScannedForEncodings = 0;
			knownRegions = (
				en,
				Base,
			);
			mainGroup = A263A15A232AAF0F005A97D9;
			productRefGroup = A263A164232AAF0F005A97D9 /* Products */;
			projectDirPath = "";
			projectRoot = "";
			targets = (
				A263A162232AAF0F005A97D9 /* Stocks */,
			);
		};
/* End PBXProject section */

/* Begin PBXResourcesBuildPhase section */
		A263A161232AAF0F005A97D9 /* Resources */ = {
			isa = PBXResourcesBuildPhase;
			buildActionMask = 2147483647;
			files = (
				A263A173232AAF10005A97D9 /* LaunchScreen.storyboard in Resources */,
				A263A170232AAF10005A97D9 /* Preview Assets.xcassets in Resources */,
				A2F2E8F9232AFB6100B147FF /* stocks.json in Resources */,
				A263A16D232AAF10005A97D9 /* Assets.xcassets in Resources */,
			);
			runOnlyForDeploymentPostprocessing = 0;
		};
/* End PBXResourcesBuildPhase section */

/* Begin PBXSourcesBuildPhase section */
		A263A15F232AAF0F005A97D9 /* Sources */ = {
			isa = PBXSourcesBuildPhase;
			buildActionMask = 2147483647;
			files = (
				A2F2E8FB232BCDAB00B147FF /* SortPicker.swift in Sources */,
				A263A167232AAF0F005A97D9 /* AppDelegate.swift in Sources */,
				A2EDC816232AE840005F67EB /* StockView.swift in Sources */,
				A2EDC814232AD7BD005F67EB /* LoadStocks.swift in Sources */,
				A263A169232AAF0F005A97D9 /* SceneDelegate.swift in Sources */,
				A263A16B232AAF0F005A97D9 /* ContentView.swift in Sources */,
				A263A183232AB448005A97D9 /* StocksView.swift in Sources */,
				A263A17D232AB39C005A97D9 /* Stock.swift in Sources */,
				A263A17B232AB390005A97D9 /* AppData.swift in Sources */,
			);
			runOnlyForDeploymentPostprocessing = 0;
		};
/* End PBXSourcesBuildPhase section */

/* Begin PBXVariantGroup section */
		A263A171232AAF10005A97D9 /* LaunchScreen.storyboard */ = {
			isa = PBXVariantGroup;
			children = (
				A263A172232AAF10005A97D9 /* Base */,
			);
			name = LaunchScreen.storyboard;
			sourceTree = "<group>";
		};
/* End PBXVariantGroup section */

/* Begin XCBuildConfiguration section */
		A263A175232AAF10005A97D9 /* Debug */ = {
			isa = XCBuildConfiguration;
			buildSettings = {
				ALWAYS_SEARCH_USER_PATHS = NO;
				CLANG_ANALYZER_NONNULL = YES;
				CLANG_ANALYZER_NUMBER_OBJECT_CONVERSION = YES_AGGRESSIVE;
				CLANG_CXX_LANGUAGE_STANDARD = "gnu++14";
				CLANG_CXX_LIBRARY = "libc++";
				CLANG_ENABLE_MODULES = YES;
				CLANG_ENABLE_OBJC_ARC = YES;
				CLANG_ENABLE_OBJC_WEAK = YES;
				CLANG_WARN_BLOCK_CAPTURE_AUTORELEASING = YES;
				CLANG_WARN_BOOL_CONVERSION = YES;
				CLANG_WARN_COMMA = YES;
				CLANG_WARN_CONSTANT_CONVERSION = YES;
				CLANG_WARN_DEPRECATED_OBJC_IMPLEMENTATIONS = YES;
				CLANG_WARN_DIRECT_OBJC_ISA_USAGE = YES_ERROR;
				CLANG_WARN_DOCUMENTATION_COMMENTS = YES;
				CLANG_WARN_EMPTY_BODY = YES;
				CLANG_WARN_ENUM_CONVERSION = YES;
				CLANG_WARN_INFINITE_RECURSION = YES;
				CLANG_WARN_INT_CONVERSION = YES;
				CLANG_WARN_NON_LITERAL_NULL_CONVERSION = YES;
				CLANG_WARN_OBJC_IMPLICIT_RETAIN_SELF = YES;
				CLANG_WARN_OBJC_LITERAL_CONVERSION = YES;
				CLANG_WARN_OBJC_ROOT_CLASS = YES_ERROR;
				CLANG_WARN_RANGE_LOOP_ANALYSIS = YES;
				CLANG_WARN_STRICT_PROTOTYPES = YES;
				CLANG_WARN_SUSPICIOUS_MOVE = YES;
				CLANG_WARN_UNGUARDED_AVAILABILITY = YES_AGGRESSIVE;
				CLANG_WARN_UNREACHABLE_CODE = YES;
				CLANG_WARN__DUPLICATE_METHOD_MATCH = YES;
				COPY_PHASE_STRIP = NO;
				DEBUG_INFORMATION_FORMAT = dwarf;
				ENABLE_STRICT_OBJC_MSGSEND = YES;
				ENABLE_TESTABILITY = YES;
				GCC_C_LANGUAGE_STANDARD = gnu11;
				GCC_DYNAMIC_NO_PIC = NO;
				GCC_NO_COMMON_BLOCKS = YES;
				GCC_OPTIMIZATION_LEVEL = 0;
				GCC_PREPROCESSOR_DEFINITIONS = (
					"DEBUG=1",
					"$(inherited)",
				);
				GCC_WARN_64_TO_32_BIT_CONVERSION = YES;
				GCC_WARN_ABOUT_RETURN_TYPE = YES_ERROR;
				GCC_WARN_UNDECLARED_SELECTOR = YES;
				GCC_WARN_UNINITIALIZED_AUTOS = YES_AGGRESSIVE;
				GCC_WARN_UNUSED_FUNCTION = YES;
				GCC_WARN_UNUSED_VARIABLE = YES;
				IPHONEOS_DEPLOYMENT_TARGET = 13.0;
				MTL_ENABLE_DEBUG_INFO = INCLUDE_SOURCE;
				MTL_FAST_MATH = YES;
				ONLY_ACTIVE_ARCH = YES;
				SDKROOT = iphoneos;
				SWIFT_ACTIVE_COMPILATION_CONDITIONS = DEBUG;
				SWIFT_OPTIMIZATION_LEVEL = "-Onone";
			};
			name = Debug;
		};
		A263A176232AAF10005A97D9 /* Release */ = {
			isa = XCBuildConfiguration;
			buildSettings = {
				ALWAYS_SEARCH_USER_PATHS = NO;
				CLANG_ANALYZER_NONNULL = YES;
				CLANG_ANALYZER_NUMBER_OBJECT_CONVERSION = YES_AGGRESSIVE;
				CLANG_CXX_LANGUAGE_STANDARD = "gnu++14";
				CLANG_CXX_LIBRARY = "libc++";
				CLANG_ENABLE_MODULES = YES;
				CLANG_ENABLE_OBJC_ARC = YES;
				CLANG_ENABLE_OBJC_WEAK = YES;
				CLANG_WARN_BLOCK_CAPTURE_AUTORELEASING = YES;
				CLANG_WARN_BOOL_CONVERSION = YES;
				CLANG_WARN_COMMA = YES;
				CLANG_WARN_CONSTANT_CONVERSION = YES;
				CLANG_WARN_DEPRECATED_OBJC_IMPLEMENTATIONS = YES;
				CLANG_WARN_DIRECT_OBJC_ISA_USAGE = YES_ERROR;
				CLANG_WARN_DOCUMENTATION_COMMENTS = YES;
				CLANG_WARN_EMPTY_BODY = YES;
				CLANG_WARN_ENUM_CONVERSION = YES;
				CLANG_WARN_INFINITE_RECURSION = YES;
				CLANG_WARN_INT_CONVERSION = YES;
				CLANG_WARN_NON_LITERAL_NULL_CONVERSION = YES;
				CLANG_WARN_OBJC_IMPLICIT_RETAIN_SELF = YES;
				CLANG_WARN_OBJC_LITERAL_CONVERSION = YES;
				CLANG_WARN_OBJC_ROOT_CLASS = YES_ERROR;
				CLANG_WARN_RANGE_LOOP_ANALYSIS = YES;
				CLANG_WARN_STRICT_PROTOTYPES = YES;
				CLANG_WARN_SUSPICIOUS_MOVE = YES;
				CLANG_WARN_UNGUARDED_AVAILABILITY = YES_AGGRESSIVE;
				CLANG_WARN_UNREACHABLE_CODE = YES;
				CLANG_WARN__DUPLICATE_METHOD_MATCH = YES;
				COPY_PHASE_STRIP = NO;
				DEBUG_INFORMATION_FORMAT = "dwarf-with-dsym";
				ENABLE_NS_ASSERTIONS = NO;
				ENABLE_STRICT_OBJC_MSGSEND = YES;
				GCC_C_LANGUAGE_STANDARD = gnu11;
				GCC_NO_COMMON_BLOCKS = YES;
				GCC_WARN_64_TO_32_BIT_CONVERSION = YES;
				GCC_WARN_ABOUT_RETURN_TYPE = YES_ERROR;
				GCC_WARN_UNDECLARED_SELECTOR = YES;
				GCC_WARN_UNINITIALIZED_AUTOS = YES_AGGRESSIVE;
				GCC_WARN_UNUSED_FUNCTION = YES;
				GCC_WARN_UNUSED_VARIABLE = YES;
				IPHONEOS_DEPLOYMENT_TARGET = 13.0;
				MTL_ENABLE_DEBUG_INFO = NO;
				MTL_FAST_MATH = YES;
				SDKROOT = iphoneos;
				SWIFT_COMPILATION_MODE = wholemodule;
				SWIFT_OPTIMIZATION_LEVEL = "-O";
				VALIDATE_PRODUCT = YES;
			};
			name = Release;
		};
		A263A178232AAF10005A97D9 /* Debug */ = {
			isa = XCBuildConfiguration;
			buildSettings = {
				ASSETCATALOG_COMPILER_APPICON_NAME = AppIcon;
				CODE_SIGN_STYLE = Automatic;
				DEVELOPMENT_ASSET_PATHS = "\"Stocks/Preview Content\"";
				DEVELOPMENT_TEAM = XV8GRWN9U6;
				ENABLE_PREVIEWS = YES;
				INFOPLIST_FILE = Stocks/Info.plist;
				LD_RUNPATH_SEARCH_PATHS = (
					"$(inherited)",
					"@executable_path/Frameworks",
				);
				PRODUCT_BUNDLE_IDENTIFIER = com.bradhilton.Stocks;
				PRODUCT_NAME = "$(TARGET_NAME)";
				SWIFT_VERSION = 5.0;
				TARGETED_DEVICE_FAMILY = "1,2";
			};
			name = Debug;
		};
		A263A179232AAF10005A97D9 /* Release */ = {
			isa = XCBuildConfiguration;
			buildSettings = {
				ASSETCATALOG_COMPILER_APPICON_NAME = AppIcon;
				CODE_SIGN_STYLE = Automatic;
				DEVELOPMENT_ASSET_PATHS = "\"Stocks/Preview Content\"";
				DEVELOPMENT_TEAM = XV8GRWN9U6;
				ENABLE_PREVIEWS = YES;
				INFOPLIST_FILE = Stocks/Info.plist;
				LD_RUNPATH_SEARCH_PATHS = (
					"$(inherited)",
					"@executable_path/Frameworks",
				);
				PRODUCT_BUNDLE_IDENTIFIER = com.bradhilton.Stocks;
				PRODUCT_NAME = "$(TARGET_NAME)";
				SWIFT_VERSION = 5.0;
				TARGETED_DEVICE_FAMILY = "1,2";
			};
			name = Release;
		};
/* End XCBuildConfiguration section */

/* Begin XCConfigurationList section */
		A263A15E232AAF0F005A97D9 /* Build configuration list for PBXProject "Stocks" */ = {
			isa = XCConfigurationList;
			buildConfigurations = (
				A263A175232AAF10005A97D9 /* Debug */,
				A263A176232AAF10005A97D9 /* Release */,
			);
			defaultConfigurationIsVisible = 0;
			defaultConfigurationName = Release;
		};
		A263A177232AAF10005A97D9 /* Build configuration list for PBXNativeTarget "Stocks" */ = {
			isa = XCConfigurationList;
			buildConfigurations = (
				A263A178232AAF10005A97D9 /* Debug */,
				A263A179232AAF10005A97D9 /* Release */,
			);
			defaultConfigurationIsVisible = 0;
			defaultConfigurationName = Release;
		};
/* End XCConfigurationList section */
	};
	rootObject = A263A15B232AAF0F005A97D9 /* Project object */;
}
